// !$*UTF8*$!
{
	archiveVersion = 1;
	classes = {
	};
	objectVersion = 56;
	objects = {

/* Begin PBXBuildFile section */
		059E43052B98974A0038F7F7 /* Authors.storyboard in Resources */ = {isa = PBXBuildFile; fileRef = 059E43042B98974A0038F7F7 /* Authors.storyboard */; };
		059E43072B98A8420038F7F7 /* Authors.swift in Sources */ = {isa = PBXBuildFile; fileRef = 059E43062B98A8420038F7F7 /* Authors.swift */; };
		059E43092B992CFA0038F7F7 /* AuthorViewController.swift in Sources */ = {isa = PBXBuildFile; fileRef = 059E43082B992CFA0038F7F7 /* AuthorViewController.swift */; };
		A722DF182B9E253800F5CB9F /* CalcFromAleks.storyboard in Resources */ = {isa = PBXBuildFile; fileRef = A722DF172B9E253800F5CB9F /* CalcFromAleks.storyboard */; };
		A724CF7B2B9E767900D5DD5D /* Main.storyboard in Resources */ = {isa = PBXBuildFile; fileRef = A724CF7A2B9E767900D5DD5D /* Main.storyboard */; };
		A724CF7D2B9E7C3100D5DD5D /* CalcListViewController.swift in Sources */ = {isa = PBXBuildFile; fileRef = A724CF7C2B9E7C3100D5DD5D /* CalcListViewController.swift */; };
		A78F19752B9E91C100CC81E5 /* CalcTextFieldVal.storyboard in Resources */ = {isa = PBXBuildFile; fileRef = A78F19742B9E91C100CC81E5 /* CalcTextFieldVal.storyboard */; };
		A78F19772B9E94F800CC81E5 /* CalcTextFieldValVC.swift in Sources */ = {isa = PBXBuildFile; fileRef = A78F19762B9E94F800CC81E5 /* CalcTextFieldValVC.swift */; };
		A78F19792B9E982800CC81E5 /* Calc.swift in Sources */ = {isa = PBXBuildFile; fileRef = A78F19782B9E982800CC81E5 /* Calc.swift */; };
		A7BA6DD92B978102008E7608 /* AppDelegate.swift in Sources */ = {isa = PBXBuildFile; fileRef = A7BA6DD82B978102008E7608 /* AppDelegate.swift */; };
		A7BA6DDB2B978102008E7608 /* SceneDelegate.swift in Sources */ = {isa = PBXBuildFile; fileRef = A7BA6DDA2B978102008E7608 /* SceneDelegate.swift */; };
		A7BA6DDD2B978102008E7608 /* CalcFromAleksViewController.swift in Sources */ = {isa = PBXBuildFile; fileRef = A7BA6DDC2B978102008E7608 /* CalcFromAleksViewController.swift */; };
		A7BA6DE02B978102008E7608 /* CalcList.storyboard in Resources */ = {isa = PBXBuildFile; fileRef = A7BA6DDE2B978102008E7608 /* CalcList.storyboard */; };
		A7BA6DE22B978103008E7608 /* Assets.xcassets in Resources */ = {isa = PBXBuildFile; fileRef = A7BA6DE12B978103008E7608 /* Assets.xcassets */; };
		A7BA6DE52B978103008E7608 /* LaunchScreen.storyboard in Resources */ = {isa = PBXBuildFile; fileRef = A7BA6DE32B978103008E7608 /* LaunchScreen.storyboard */; };
/* End PBXBuildFile section */

/* Begin PBXFileReference section */
		059E43042B98974A0038F7F7 /* Authors.storyboard */ = {isa = PBXFileReference; lastKnownFileType = file.storyboard; path = Authors.storyboard; sourceTree = "<group>"; };
		059E43062B98A8420038F7F7 /* Authors.swift */ = {isa = PBXFileReference; lastKnownFileType = sourcecode.swift; path = Authors.swift; sourceTree = "<group>"; };
		059E43082B992CFA0038F7F7 /* AuthorViewController.swift */ = {isa = PBXFileReference; lastKnownFileType = sourcecode.swift; path = AuthorViewController.swift; sourceTree = "<group>"; };
		A722DF172B9E253800F5CB9F /* CalcFromAleks.storyboard */ = {isa = PBXFileReference; lastKnownFileType = file.storyboard; path = CalcFromAleks.storyboard; sourceTree = "<group>"; };
		A724CF7A2B9E767900D5DD5D /* Main.storyboard */ = {isa = PBXFileReference; lastKnownFileType = file.storyboard; path = Main.storyboard; sourceTree = "<group>"; };
		A724CF7C2B9E7C3100D5DD5D /* CalcListViewController.swift */ = {isa = PBXFileReference; lastKnownFileType = sourcecode.swift; path = CalcListViewController.swift; sourceTree = "<group>"; };
		A78F19742B9E91C100CC81E5 /* CalcTextFieldVal.storyboard */ = {isa = PBXFileReference; lastKnownFileType = file.storyboard; path = CalcTextFieldVal.storyboard; sourceTree = "<group>"; };
		A78F19762B9E94F800CC81E5 /* CalcTextFieldValVC.swift */ = {isa = PBXFileReference; lastKnownFileType = sourcecode.swift; path = CalcTextFieldValVC.swift; sourceTree = "<group>"; };
		A78F19782B9E982800CC81E5 /* Calc.swift */ = {isa = PBXFileReference; lastKnownFileType = sourcecode.swift; path = Calc.swift; sourceTree = "<group>"; };
		A7BA6DD52B978102008E7608 /* CalcCollection.app */ = {isa = PBXFileReference; explicitFileType = wrapper.application; includeInIndex = 0; path = CalcCollection.app; sourceTree = BUILT_PRODUCTS_DIR; };
		A7BA6DD82B978102008E7608 /* AppDelegate.swift */ = {isa = PBXFileReference; lastKnownFileType = sourcecode.swift; path = AppDelegate.swift; sourceTree = "<group>"; };
		A7BA6DDA2B978102008E7608 /* SceneDelegate.swift */ = {isa = PBXFileReference; lastKnownFileType = sourcecode.swift; path = SceneDelegate.swift; sourceTree = "<group>"; };
		A7BA6DDC2B978102008E7608 /* CalcFromAleksViewController.swift */ = {isa = PBXFileReference; lastKnownFileType = sourcecode.swift; path = CalcFromAleksViewController.swift; sourceTree = "<group>"; };
		A7BA6DDF2B978102008E7608 /* Base */ = {isa = PBXFileReference; lastKnownFileType = file.storyboard; name = Base; path = Base.lproj/CalcList.storyboard; sourceTree = "<group>"; };
		A7BA6DE12B978103008E7608 /* Assets.xcassets */ = {isa = PBXFileReference; lastKnownFileType = folder.assetcatalog; path = Assets.xcassets; sourceTree = "<group>"; };
		A7BA6DE42B978103008E7608 /* Base */ = {isa = PBXFileReference; lastKnownFileType = file.storyboard; name = Base; path = Base.lproj/LaunchScreen.storyboard; sourceTree = "<group>"; };
		A7BA6DE62B978103008E7608 /* Info.plist */ = {isa = PBXFileReference; lastKnownFileType = text.plist.xml; path = Info.plist; sourceTree = "<group>"; };
/* End PBXFileReference section */

/* Begin PBXFrameworksBuildPhase section */
		A7BA6DD22B978102008E7608 /* Frameworks */ = {
			isa = PBXFrameworksBuildPhase;
			buildActionMask = 2147483647;
			files = (
			);
			runOnlyForDeploymentPostprocessing = 0;
		};
/* End PBXFrameworksBuildPhase section */

/* Begin PBXGroup section */
		A74100D52B9E742D0011D667 /* Models */ = {
			isa = PBXGroup;
			children = (
				059E43062B98A8420038F7F7 /* Authors.swift */,
				A78F19782B9E982800CC81E5 /* Calc.swift */,
			);
			path = Models;
			sourceTree = "<group>";
		};
		A7BA6DCC2B978102008E7608 = {
			isa = PBXGroup;
			children = (
				A7BA6DD72B978102008E7608 /* CalcCollection */,
				A7BA6DD62B978102008E7608 /* Products */,
			);
			sourceTree = "<group>";
		};
		A7BA6DD62B978102008E7608 /* Products */ = {
			isa = PBXGroup;
			children = (
				A7BA6DD52B978102008E7608 /* CalcCollection.app */,
			);
			name = Products;
			sourceTree = "<group>";
		};
		A7BA6DD72B978102008E7608 /* CalcCollection */ = {
			isa = PBXGroup;
			children = (
				A7BA6DEC2B978BB2008E7608 /* Storyboards */,
				A7BA6DED2B978BCD008E7608 /* ViewControllers */,
				A74100D52B9E742D0011D667 /* Models */,
				A7BA6DEF2B978C07008E7608 /* SupportFiles */,
				A7BA6DEE2B978BF8008E7608 /* Resources */,
			);
			path = CalcCollection;
			sourceTree = "<group>";
		};
		A7BA6DEC2B978BB2008E7608 /* Storyboards */ = {
			isa = PBXGroup;
			children = (
				A724CF7A2B9E767900D5DD5D /* Main.storyboard */,
				A7BA6DDE2B978102008E7608 /* CalcList.storyboard */,
				059E43042B98974A0038F7F7 /* Authors.storyboard */,
				A722DF172B9E253800F5CB9F /* CalcFromAleks.storyboard */,
				A7BA6DE32B978103008E7608 /* LaunchScreen.storyboard */,
				A78F19742B9E91C100CC81E5 /* CalcTextFieldVal.storyboard */,
			);
			path = Storyboards;
			sourceTree = "<group>";
		};
		A7BA6DED2B978BCD008E7608 /* ViewControllers */ = {
			isa = PBXGroup;
			children = (
				A724CF7C2B9E7C3100D5DD5D /* CalcListViewController.swift */,
				059E43082B992CFA0038F7F7 /* AuthorViewController.swift */,
				A7BA6DDC2B978102008E7608 /* CalcFromAleksViewController.swift */,
				A78F19762B9E94F800CC81E5 /* CalcTextFieldValVC.swift */,
			);
			path = ViewControllers;
			sourceTree = "<group>";
		};
		A7BA6DEE2B978BF8008E7608 /* Resources */ = {
			isa = PBXGroup;
			children = (
				A7BA6DE12B978103008E7608 /* Assets.xcassets */,
			);
			path = Resources;
			sourceTree = "<group>";
		};
		A7BA6DEF2B978C07008E7608 /* SupportFiles */ = {
			isa = PBXGroup;
			children = (
				A7BA6DD82B978102008E7608 /* AppDelegate.swift */,
				A7BA6DDA2B978102008E7608 /* SceneDelegate.swift */,
				A7BA6DE62B978103008E7608 /* Info.plist */,
			);
			path = SupportFiles;
			sourceTree = "<group>";
		};
/* End PBXGroup section */

/* Begin PBXNativeTarget section */
		A7BA6DD42B978102008E7608 /* CalcCollection */ = {
			isa = PBXNativeTarget;
			buildConfigurationList = A7BA6DE92B978103008E7608 /* Build configuration list for PBXNativeTarget "CalcCollection" */;
			buildPhases = (
				A7BA6DD12B978102008E7608 /* Sources */,
				A7BA6DD22B978102008E7608 /* Frameworks */,
				A7BA6DD32B978102008E7608 /* Resources */,
			);
			buildRules = (
			);
			dependencies = (
			);
			name = CalcCollection;
			productName = CalcCollection;
			productReference = A7BA6DD52B978102008E7608 /* CalcCollection.app */;
			productType = "com.apple.product-type.application";
		};
/* End PBXNativeTarget section */

/* Begin PBXProject section */
		A7BA6DCD2B978102008E7608 /* Project object */ = {
			isa = PBXProject;
			attributes = {
				BuildIndependentTargetsInParallel = 1;
				LastSwiftUpdateCheck = 1420;
				LastUpgradeCheck = 1520;
				TargetAttributes = {
					A7BA6DD42B978102008E7608 = {
						CreatedOnToolsVersion = 14.2;
					};
				};
			};
			buildConfigurationList = A7BA6DD02B978102008E7608 /* Build configuration list for PBXProject "CalcCollection" */;
			compatibilityVersion = "Xcode 14.0";
			developmentRegion = en;
			hasScannedForEncodings = 0;
			knownRegions = (
				en,
				Base,
			);
			mainGroup = A7BA6DCC2B978102008E7608;
			productRefGroup = A7BA6DD62B978102008E7608 /* Products */;
			projectDirPath = "";
			projectRoot = "";
			targets = (
				A7BA6DD42B978102008E7608 /* CalcCollection */,
			);
		};
/* End PBXProject section */

/* Begin PBXResourcesBuildPhase section */
		A7BA6DD32B978102008E7608 /* Resources */ = {
			isa = PBXResourcesBuildPhase;
			buildActionMask = 2147483647;
			files = (
				059E43052B98974A0038F7F7 /* Authors.storyboard in Resources */,
				A7BA6DE52B978103008E7608 /* LaunchScreen.storyboard in Resources */,
				A7BA6DE22B978103008E7608 /* Assets.xcassets in Resources */,
				A724CF7B2B9E767900D5DD5D /* Main.storyboard in Resources */,
				A78F19752B9E91C100CC81E5 /* CalcTextFieldVal.storyboard in Resources */,
				A722DF182B9E253800F5CB9F /* CalcFromAleks.storyboard in Resources */,
				A7BA6DE02B978102008E7608 /* CalcList.storyboard in Resources */,
			);
			runOnlyForDeploymentPostprocessing = 0;
		};
/* End PBXResourcesBuildPhase section */

/* Begin PBXSourcesBuildPhase section */
		A7BA6DD12B978102008E7608 /* Sources */ = {
			isa = PBXSourcesBuildPhase;
			buildActionMask = 2147483647;
			files = (
				A7BA6DDD2B978102008E7608 /* CalcFromAleksViewController.swift in Sources */,
				A78F19792B9E982800CC81E5 /* Calc.swift in Sources */,
				059E43092B992CFA0038F7F7 /* AuthorViewController.swift in Sources */,
				A7BA6DDD2B978102008E7608 /* CalcFromAleksViewController.swift in Sources */,
				A78F19772B9E94F800CC81E5 /* CalcTextFieldValVC.swift in Sources */,
				A7BA6DD92B978102008E7608 /* AppDelegate.swift in Sources */,
				059E43072B98A8420038F7F7 /* Authors.swift in Sources */,
				A724CF7D2B9E7C3100D5DD5D /* CalcListViewController.swift in Sources */,
				A7BA6DDB2B978102008E7608 /* SceneDelegate.swift in Sources */,
			);
			runOnlyForDeploymentPostprocessing = 0;
		};
/* End PBXSourcesBuildPhase section */

/* Begin PBXVariantGroup section */
		A7BA6DDE2B978102008E7608 /* CalcList.storyboard */ = {
			isa = PBXVariantGroup;
			children = (
				A7BA6DDF2B978102008E7608 /* Base */,
			);
			name = CalcList.storyboard;
			sourceTree = "<group>";
		};
		A7BA6DE32B978103008E7608 /* LaunchScreen.storyboard */ = {
			isa = PBXVariantGroup;
			children = (
				A7BA6DE42B978103008E7608 /* Base */,
			);
			name = LaunchScreen.storyboard;
			sourceTree = "<group>";
		};
/* End PBXVariantGroup section */

/* Begin XCBuildConfiguration section */
		A7BA6DE72B978103008E7608 /* Debug */ = {
			isa = XCBuildConfiguration;
			buildSettings = {
				ALWAYS_SEARCH_USER_PATHS = NO;
				CLANG_ANALYZER_NONNULL = YES;
				CLANG_ANALYZER_NUMBER_OBJECT_CONVERSION = YES_AGGRESSIVE;
				CLANG_CXX_LANGUAGE_STANDARD = "gnu++20";
				CLANG_ENABLE_MODULES = YES;
				CLANG_ENABLE_OBJC_ARC = YES;
				CLANG_ENABLE_OBJC_WEAK = YES;
				CLANG_WARN_BLOCK_CAPTURE_AUTORELEASING = YES;
				CLANG_WARN_BOOL_CONVERSION = YES;
				CLANG_WARN_COMMA = YES;
				CLANG_WARN_CONSTANT_CONVERSION = YES;
				CLANG_WARN_DEPRECATED_OBJC_IMPLEMENTATIONS = YES;
				CLANG_WARN_DIRECT_OBJC_ISA_USAGE = YES_ERROR;
				CLANG_WARN_DOCUMENTATION_COMMENTS = YES;
				CLANG_WARN_EMPTY_BODY = YES;
				CLANG_WARN_ENUM_CONVERSION = YES;
				CLANG_WARN_INFINITE_RECURSION = YES;
				CLANG_WARN_INT_CONVERSION = YES;
				CLANG_WARN_NON_LITERAL_NULL_CONVERSION = YES;
				CLANG_WARN_OBJC_IMPLICIT_RETAIN_SELF = YES;
				CLANG_WARN_OBJC_LITERAL_CONVERSION = YES;
				CLANG_WARN_OBJC_ROOT_CLASS = YES_ERROR;
				CLANG_WARN_QUOTED_INCLUDE_IN_FRAMEWORK_HEADER = YES;
				CLANG_WARN_RANGE_LOOP_ANALYSIS = YES;
				CLANG_WARN_STRICT_PROTOTYPES = YES;
				CLANG_WARN_SUSPICIOUS_MOVE = YES;
				CLANG_WARN_UNGUARDED_AVAILABILITY = YES_AGGRESSIVE;
				CLANG_WARN_UNREACHABLE_CODE = YES;
				CLANG_WARN__DUPLICATE_METHOD_MATCH = YES;
				COPY_PHASE_STRIP = NO;
				DEBUG_INFORMATION_FORMAT = dwarf;
				ENABLE_STRICT_OBJC_MSGSEND = YES;
				ENABLE_TESTABILITY = YES;
				ENABLE_USER_SCRIPT_SANDBOXING = YES;
				GCC_C_LANGUAGE_STANDARD = gnu11;
				GCC_DYNAMIC_NO_PIC = NO;
				GCC_NO_COMMON_BLOCKS = YES;
				GCC_OPTIMIZATION_LEVEL = 0;
				GCC_PREPROCESSOR_DEFINITIONS = (
					"DEBUG=1",
					"$(inherited)",
				);
				GCC_WARN_64_TO_32_BIT_CONVERSION = YES;
				GCC_WARN_ABOUT_RETURN_TYPE = YES_ERROR;
				GCC_WARN_UNDECLARED_SELECTOR = YES;
				GCC_WARN_UNINITIALIZED_AUTOS = YES_AGGRESSIVE;
				GCC_WARN_UNUSED_FUNCTION = YES;
				GCC_WARN_UNUSED_VARIABLE = YES;
				IPHONEOS_DEPLOYMENT_TARGET = 16.2;
				MTL_ENABLE_DEBUG_INFO = INCLUDE_SOURCE;
				MTL_FAST_MATH = YES;
				ONLY_ACTIVE_ARCH = YES;
				SDKROOT = iphoneos;
				SWIFT_ACTIVE_COMPILATION_CONDITIONS = DEBUG;
				SWIFT_OPTIMIZATION_LEVEL = "-Onone";
			};
			name = Debug;
		};
		A7BA6DE82B978103008E7608 /* Release */ = {
			isa = XCBuildConfiguration;
			buildSettings = {
				ALWAYS_SEARCH_USER_PATHS = NO;
				CLANG_ANALYZER_NONNULL = YES;
				CLANG_ANALYZER_NUMBER_OBJECT_CONVERSION = YES_AGGRESSIVE;
				CLANG_CXX_LANGUAGE_STANDARD = "gnu++20";
				CLANG_ENABLE_MODULES = YES;
				CLANG_ENABLE_OBJC_ARC = YES;
				CLANG_ENABLE_OBJC_WEAK = YES;
				CLANG_WARN_BLOCK_CAPTURE_AUTORELEASING = YES;
				CLANG_WARN_BOOL_CONVERSION = YES;
				CLANG_WARN_COMMA = YES;
				CLANG_WARN_CONSTANT_CONVERSION = YES;
				CLANG_WARN_DEPRECATED_OBJC_IMPLEMENTATIONS = YES;
				CLANG_WARN_DIRECT_OBJC_ISA_USAGE = YES_ERROR;
				CLANG_WARN_DOCUMENTATION_COMMENTS = YES;
				CLANG_WARN_EMPTY_BODY = YES;
				CLANG_WARN_ENUM_CONVERSION = YES;
				CLANG_WARN_INFINITE_RECURSION = YES;
				CLANG_WARN_INT_CONVERSION = YES;
				CLANG_WARN_NON_LITERAL_NULL_CONVERSION = YES;
				CLANG_WARN_OBJC_IMPLICIT_RETAIN_SELF = YES;
				CLANG_WARN_OBJC_LITERAL_CONVERSION = YES;
				CLANG_WARN_OBJC_ROOT_CLASS = YES_ERROR;
				CLANG_WARN_QUOTED_INCLUDE_IN_FRAMEWORK_HEADER = YES;
				CLANG_WARN_RANGE_LOOP_ANALYSIS = YES;
				CLANG_WARN_STRICT_PROTOTYPES = YES;
				CLANG_WARN_SUSPICIOUS_MOVE = YES;
				CLANG_WARN_UNGUARDED_AVAILABILITY = YES_AGGRESSIVE;
				CLANG_WARN_UNREACHABLE_CODE = YES;
				CLANG_WARN__DUPLICATE_METHOD_MATCH = YES;
				COPY_PHASE_STRIP = NO;
				DEBUG_INFORMATION_FORMAT = "dwarf-with-dsym";
				ENABLE_NS_ASSERTIONS = NO;
				ENABLE_STRICT_OBJC_MSGSEND = YES;
				ENABLE_USER_SCRIPT_SANDBOXING = YES;
				GCC_C_LANGUAGE_STANDARD = gnu11;
				GCC_NO_COMMON_BLOCKS = YES;
				GCC_WARN_64_TO_32_BIT_CONVERSION = YES;
				GCC_WARN_ABOUT_RETURN_TYPE = YES_ERROR;
				GCC_WARN_UNDECLARED_SELECTOR = YES;
				GCC_WARN_UNINITIALIZED_AUTOS = YES_AGGRESSIVE;
				GCC_WARN_UNUSED_FUNCTION = YES;
				GCC_WARN_UNUSED_VARIABLE = YES;
				IPHONEOS_DEPLOYMENT_TARGET = 16.2;
				MTL_ENABLE_DEBUG_INFO = NO;
				MTL_FAST_MATH = YES;
				SDKROOT = iphoneos;
				SWIFT_COMPILATION_MODE = wholemodule;
				SWIFT_OPTIMIZATION_LEVEL = "-O";
				VALIDATE_PRODUCT = YES;
			};
			name = Release;
		};
		A7BA6DEA2B978103008E7608 /* Debug */ = {
			isa = XCBuildConfiguration;
			buildSettings = {
				ASSETCATALOG_COMPILER_APPICON_NAME = AppIcon;
				ASSETCATALOG_COMPILER_GLOBAL_ACCENT_COLOR_NAME = AccentColor;
				CODE_SIGN_STYLE = Automatic;
				CURRENT_PROJECT_VERSION = 1;
				GENERATE_INFOPLIST_FILE = YES;
				INFOPLIST_FILE = CalcCollection/SupportFiles/Info.plist;
				INFOPLIST_KEY_UIApplicationSupportsIndirectInputEvents = YES;
				INFOPLIST_KEY_UILaunchStoryboardName = LaunchScreen;
				INFOPLIST_KEY_UIMainStoryboardFile = Main;
				INFOPLIST_KEY_UISupportedInterfaceOrientations = UIInterfaceOrientationPortrait;
				INFOPLIST_KEY_UISupportedInterfaceOrientations_iPad = "UIInterfaceOrientationLandscapeLeft UIInterfaceOrientationLandscapeRight UIInterfaceOrientationPortrait UIInterfaceOrientationPortraitUpsideDown";
				IPHONEOS_DEPLOYMENT_TARGET = 16.0;
				LD_RUNPATH_SEARCH_PATHS = (
					"$(inherited)",
					"@executable_path/Frameworks",
				);
				MARKETING_VERSION = 1.0;
				PRODUCT_BUNDLE_IDENTIFIER = VnY.CalcCollection;
				PRODUCT_NAME = "$(TARGET_NAME)";
				SUPPORTED_PLATFORMS = "iphoneos iphonesimulator";
				SUPPORTS_MACCATALYST = NO;
				SUPPORTS_MAC_DESIGNED_FOR_IPHONE_IPAD = NO;
				SWIFT_EMIT_LOC_STRINGS = YES;
				SWIFT_VERSION = 5.0;
				TARGETED_DEVICE_FAMILY = 1;
			};
			name = Debug;
		};
		A7BA6DEB2B978103008E7608 /* Release */ = {
			isa = XCBuildConfiguration;
			buildSettings = {
				ASSETCATALOG_COMPILER_APPICON_NAME = AppIcon;
				ASSETCATALOG_COMPILER_GLOBAL_ACCENT_COLOR_NAME = AccentColor;
				CODE_SIGN_STYLE = Automatic;
				CURRENT_PROJECT_VERSION = 1;
				GENERATE_INFOPLIST_FILE = YES;
				INFOPLIST_FILE = CalcCollection/SupportFiles/Info.plist;
				INFOPLIST_KEY_UIApplicationSupportsIndirectInputEvents = YES;
				INFOPLIST_KEY_UILaunchStoryboardName = LaunchScreen;
				INFOPLIST_KEY_UIMainStoryboardFile = Main;
				INFOPLIST_KEY_UISupportedInterfaceOrientations = UIInterfaceOrientationPortrait;
				INFOPLIST_KEY_UISupportedInterfaceOrientations_iPad = "UIInterfaceOrientationLandscapeLeft UIInterfaceOrientationLandscapeRight UIInterfaceOrientationPortrait UIInterfaceOrientationPortraitUpsideDown";
				IPHONEOS_DEPLOYMENT_TARGET = 16.0;
				LD_RUNPATH_SEARCH_PATHS = (
					"$(inherited)",
					"@executable_path/Frameworks",
				);
				MARKETING_VERSION = 1.0;
				PRODUCT_BUNDLE_IDENTIFIER = VnY.CalcCollection;
				PRODUCT_NAME = "$(TARGET_NAME)";
				SUPPORTED_PLATFORMS = "iphoneos iphonesimulator";
				SUPPORTS_MACCATALYST = NO;
				SUPPORTS_MAC_DESIGNED_FOR_IPHONE_IPAD = NO;
				SWIFT_EMIT_LOC_STRINGS = YES;
				SWIFT_VERSION = 5.0;
				TARGETED_DEVICE_FAMILY = 1;
			};
			name = Release;
		};
/* End XCBuildConfiguration section */

/* Begin XCConfigurationList section */
		A7BA6DD02B978102008E7608 /* Build configuration list for PBXProject "CalcCollection" */ = {
			isa = XCConfigurationList;
			buildConfigurations = (
				A7BA6DE72B978103008E7608 /* Debug */,
				A7BA6DE82B978103008E7608 /* Release */,
			);
			defaultConfigurationIsVisible = 0;
			defaultConfigurationName = Release;
		};
		A7BA6DE92B978103008E7608 /* Build configuration list for PBXNativeTarget "CalcCollection" */ = {
			isa = XCConfigurationList;
			buildConfigurations = (
				A7BA6DEA2B978103008E7608 /* Debug */,
				A7BA6DEB2B978103008E7608 /* Release */,
			);
			defaultConfigurationIsVisible = 0;
			defaultConfigurationName = Release;
		};
/* End XCConfigurationList section */
	};
	rootObject = A7BA6DCD2B978102008E7608 /* Project object */;
}
